# Generated for the project-local Python 3.12 environment on 2026-09-06.
# Recreate with: .venv\Scripts\python.exe -m pip install -r requirements.lock
aiohappyeyeballs==2.7.1
aiohttp==3.14.3
aiosignal==1.4.0
annotated-doc==0.0.5
annotated-types==0.8.0
anyio==4.15.1
attrs==26.1.0
click==8.5.0
fastapi==0.141.1
frozenlist==1.8.0
h11==0.16.0
idna==3.19
multidict==6.7.1
propcache==0.5.2
pydantic==2.13.5
pydantic_core==2.46.5
starlette==1.6.0
typing-inspection==0.4.4
typing_extensions==4.16.0
uvicorn==0.52.4
yarl==1.24.5
